{
  "meteor": {},
  "dependencies": {
    "basePackages": {
      "jade": {},
      "bootstrap-3": {},
      "lodash": {},
      "accounts-ui-bootstrap-3": {},
      "collection2": {}
    },
    "packages": {
      "jade": {
        "git": "https://github.com/mquandalle/meteor-jade.git",
        "tag": "v0.2.6",
        "commit": "ab1edd68dccae6f5e946d9a84547043816d57864"
      },
      "bootstrap-3": {
        "git": "https://github.com/mangasocial/meteor-bootstrap-3.git",
        "tag": "v3.2.0-1",
        "commit": "17a63902fc6cf1096c5289d963c66cf28b474727"
      },
      "lodash": {
        "git": "https://github.com/alethes/meteor-lodash.git",
        "tag": "v0.7.1",
        "commit": "57bbeb3e21c31b64641f9885bb2f390b84f8b925"
      },
      "accounts-ui-bootstrap-3": {
        "git": "https://github.com/mangasocial/meteor-accounts-ui-bootstrap-3.git",
        "tag": "v0.3.3",
        "commit": "2e50b605d8d5ed68e48c4529a65f13552d8af3f9"
      },
      "collection2": {
        "git": "https://github.com/aldeed/meteor-collection2.git",
        "tag": "v0.4.3",
        "commit": "cb470de2cfeebeccbf76d4cc0a39ad4afc76d553"
      },
      "simple-schema": {
        "git": "https://github.com/aldeed/meteor-simple-schema.git",
        "tag": "v0.6.0",
        "commit": "418ec496612fb2afc853e342f0d2269b6674a2fe"
      }
    }
  }
}
